# @generated - this file is auto-generated by `mise lock` https://mise.jdx.dev/dev-tools/mise-lock.html

lockfile_version = 1

[[tools.argocd]]
version = "3.5.3"
backend = "aqua:argoproj/argo-cd"
specifiers = ["latest"]

[tools.argocd."platforms.linux-arm64"]
checksum = "sha256:bb37e5d62df897ea1610f7c647fdc78657a0e3a928dc21893faf7bf66a4646cb"
url = "https://github.com/argoproj/argo-cd/releases/download/v3.5.3/argocd-linux-arm64"
url_api = "https://api.github.com/repos/argoproj/argo-cd/releases/assets/562896835"

[tools.argocd."platforms.linux-arm64".provenance.slsa]
url = "https://github.com/argoproj/argo-cd/releases/download/v3.5.3/argocd-cli.intoto.jsonl"

[tools.argocd."platforms.linux-arm64-musl"]
checksum = "sha256:bb37e5d62df897ea1610f7c647fdc78657a0e3a928dc21893faf7bf66a4646cb"
url = "https://github.com/argoproj/argo-cd/releases/download/v3.5.3/argocd-linux-arm64"
url_api = "https://api.github.com/repos/argoproj/argo-cd/releases/assets/562896835"

[tools.argocd."platforms.linux-arm64-musl".provenance.slsa]
url = "https://github.com/argoproj/argo-cd/releases/download/v3.5.3/argocd-cli.intoto.jsonl"

[tools.argocd."platforms.linux-x64"]
checksum = "sha256:b860f73f57cbddd993cd446f5236d797c1b1ac8554857b2683d2669f17e765b4"
url = "https://github.com/argoproj/argo-cd/releases/download/v3.5.3/argocd-linux-amd64"
url_api = "https://api.github.com/repos/argoproj/argo-cd/releases/assets/562896826"

[tools.argocd."platforms.linux-x64".provenance.slsa]
url = "https://github.com/argoproj/argo-cd/releases/download/v3.5.3/argocd-cli.intoto.jsonl"

[tools.argocd."platforms.linux-x64-baseline"]
checksum = "sha256:b860f73f57cbddd993cd446f5236d797c1b1ac8554857b2683d2669f17e765b4"
url = "https://github.com/argoproj/argo-cd/releases/download/v3.5.3/argocd-linux-amd64"
url_api = "https://api.github.com/repos/argoproj/argo-cd/releases/assets/562896826"

[tools.argocd."platforms.linux-x64-baseline".provenance.slsa]
url = "https://github.com/argoproj/argo-cd/releases/download/v3.5.3/argocd-cli.intoto.jsonl"

[tools.argocd."platforms.linux-x64-musl"]
checksum = "sha256:b860f73f57cbddd993cd446f5236d797c1b1ac8554857b2683d2669f17e765b4"
url = "https://github.com/argoproj/argo-cd/releases/download/v3.5.3/argocd-linux-amd64"
url_api = "https://api.github.com/repos/argoproj/argo-cd/releases/assets/562896826"

[tools.argocd."platforms.linux-x64-musl".provenance.slsa]
url = "https://github.com/argoproj/argo-cd/releases/download/v3.5.3/argocd-cli.intoto.jsonl"

[tools.argocd."platforms.linux-x64-musl-baseline"]
checksum = "sha256:b860f73f57cbddd993cd446f5236d797c1b1ac8554857b2683d2669f17e765b4"
url = "https://github.com/argoproj/argo-cd/releases/download/v3.5.3/argocd-linux-amd64"
url_api = "https://api.github.com/repos/argoproj/argo-cd/releases/assets/562896826"

[tools.argocd."platforms.linux-x64-musl-baseline".provenance.slsa]
url = "https://github.com/argoproj/argo-cd/releases/download/v3.5.3/argocd-cli.intoto.jsonl"

[tools.argocd."platforms.macos-arm64"]
checksum = "sha256:76efc71c00bc3ffeda5daa277d990e3d89b3628b2440fc7dd38aca79c63b15e0"
url = "https://github.com/argoproj/argo-cd/releases/download/v3.5.3/argocd-darwin-arm64"
url_api = "https://api.github.com/repos/argoproj/argo-cd/releases/assets/562896606"

[tools.argocd."platforms.macos-arm64".provenance.slsa]
url = "https://github.com/argoproj/argo-cd/releases/download/v3.5.3/argocd-cli.intoto.jsonl"

[tools.argocd."platforms.macos-x64"]
checksum = "sha256:44c636381ad52a92caa493e4a292dc04f3bf3da7f5ab7b9fe055aeaf661f9cdd"
url = "https://github.com/argoproj/argo-cd/releases/download/v3.5.3/argocd-darwin-amd64"
url_api = "https://api.github.com/repos/argoproj/argo-cd/releases/assets/562896609"

[tools.argocd."platforms.macos-x64".provenance.slsa]
url = "https://github.com/argoproj/argo-cd/releases/download/v3.5.3/argocd-cli.intoto.jsonl"

[tools.argocd."platforms.macos-x64-baseline"]
checksum = "sha256:44c636381ad52a92caa493e4a292dc04f3bf3da7f5ab7b9fe055aeaf661f9cdd"
url = "https://github.com/argoproj/argo-cd/releases/download/v3.5.3/argocd-darwin-amd64"
url_api = "https://api.github.com/repos/argoproj/argo-cd/releases/assets/562896609"

[tools.argocd."platforms.macos-x64-baseline".provenance.slsa]
url = "https://github.com/argoproj/argo-cd/releases/download/v3.5.3/argocd-cli.intoto.jsonl"

[tools.argocd."platforms.windows-x64"]
checksum = "sha256:c7c5a152fe865f2262f4bb19eda66baf590cc18e0e125a902ba6942cbeee92e9"
url = "https://github.com/argoproj/argo-cd/releases/download/v3.5.3/argocd-windows-amd64.exe"
url_api = "https://api.github.com/repos/argoproj/argo-cd/releases/assets/562896823"

[tools.argocd."platforms.windows-x64".provenance.slsa]
url = "https://github.com/argoproj/argo-cd/releases/download/v3.5.3/argocd-cli.intoto.jsonl"

[tools.argocd."platforms.windows-x64-baseline"]
checksum = "sha256:c7c5a152fe865f2262f4bb19eda66baf590cc18e0e125a902ba6942cbeee92e9"
url = "https://github.com/argoproj/argo-cd/releases/download/v3.5.3/argocd-windows-amd64.exe"
url_api = "https://api.github.com/repos/argoproj/argo-cd/releases/assets/562896823"

[tools.argocd."platforms.windows-x64-baseline".provenance.slsa]
url = "https://github.com/argoproj/argo-cd/releases/download/v3.5.3/argocd-cli.intoto.jsonl"

[[tools.bun]]
version = "1.4.2"
backend = "core:bun"
specifiers = ["latest"]

[tools.bun."platforms.linux-arm64"]
checksum = "sha256:54328bbc2d9c8e0c9f892c544d66c57a83b84139e34909e5ee81758f1ac8fda7"
url = "https://github.com/oven-sh/bun/releases/download/bun-v1.4.2/bun-linux-aarch64.zip"

[tools.bun."platforms.linux-arm64-musl"]
checksum = "sha256:71760b6c8ea30623b81a4907cb815d48e2ea266f2e73e751534a44a0607950df"
url = "https://github.com/oven-sh/bun/releases/download/bun-v1.4.2/bun-linux-aarch64-musl.zip"

[tools.bun."platforms.linux-x64"]
checksum = "sha256:36368faef7527875d5ffa52e53cd48021741f2a83eb6208a8dd64068d422a913"
url = "https://github.com/oven-sh/bun/releases/download/bun-v1.4.2/bun-linux-x64.zip"

[tools.bun."platforms.linux-x64-baseline"]
checksum = "sha256:c678040f14fe0440eb839d37cbd0ce4c051a32da72806ac97de6a6aab6bf728f"
url = "https://github.com/oven-sh/bun/releases/download/bun-v1.4.2/bun-linux-x64-baseline.zip"

[tools.bun."platforms.linux-x64-musl"]
checksum = "sha256:4835eca59d6da70f4674f5642f6e459dcadab773695b2ed9922d131057989742"
url = "https://github.com/oven-sh/bun/releases/download/bun-v1.4.2/bun-linux-x64-musl.zip"

[tools.bun."platforms.linux-x64-musl-baseline"]
checksum = "sha256:76e1db84e98f22f78de0a87e309bfbbf297732847f9720db36750646c85c8c18"
url = "https://github.com/oven-sh/bun/releases/download/bun-v1.4.2/bun-linux-x64-musl-baseline.zip"

[tools.bun."platforms.macos-arm64"]
checksum = "sha256:90987a3a16d7db556d886ac3d551e7b6d3edf0a1cf43acaed622e8676be1d12f"
url = "https://github.com/oven-sh/bun/releases/download/bun-v1.4.2/bun-darwin-aarch64.zip"

[tools.bun."platforms.macos-x64"]
checksum = "sha256:80520d7e17526308c9185d261679ac6d27798d3803a0e9f7ff9121ab8affb012"
url = "https://github.com/oven-sh/bun/releases/download/bun-v1.4.2/bun-darwin-x64.zip"

[tools.bun."platforms.macos-x64-baseline"]
checksum = "sha256:bad5bbd6cf14d0980d115f5954c9ff904df619d5e994d2da1ffccd3f316300b0"
url = "https://github.com/oven-sh/bun/releases/download/bun-v1.4.2/bun-darwin-x64-baseline.zip"

[tools.bun."platforms.windows-x64"]
checksum = "sha256:ce4c17497b2f29712a99d3d53f028de28cd42e3bacb8589599e7f000e49b6405"
url = "https://github.com/oven-sh/bun/releases/download/bun-v1.4.2/bun-windows-x64.zip"

[tools.bun."platforms.windows-x64-baseline"]
checksum = "sha256:78c221c2376f79731ccf4e4af0b3bb46d81fefa3296c5abee09ad8a1b21e68c6"
url = "https://github.com/oven-sh/bun/releases/download/bun-v1.4.2/bun-windows-x64-baseline.zip"

[[tools.kind]]
version = "0.33.0"
backend = "aqua:kubernetes-sigs/kind"
specifiers = ["latest"]

[tools.kind."platforms.linux-arm64"]
checksum = "sha256:20022bee6cfcd5086cb7234d218e3454e6090022f2a8f55d1fa7fcf42c3867a2"
url = "https://github.com/kubernetes-sigs/kind/releases/download/v0.33.0/kind-linux-arm64"
url_api = "https://api.github.com/repos/kubernetes-sigs/kind/releases/assets/531396478"

[tools.kind."platforms.linux-arm64-musl"]
checksum = "sha256:20022bee6cfcd5086cb7234d218e3454e6090022f2a8f55d1fa7fcf42c3867a2"
url = "https://github.com/kubernetes-sigs/kind/releases/download/v0.33.0/kind-linux-arm64"
url_api = "https://api.github.com/repos/kubernetes-sigs/kind/releases/assets/531396478"

[tools.kind."platforms.linux-x64"]
checksum = "sha256:aee6151561422756b764a4ae28e7f44cda5af5a9eead3cc9985112b1de8d8e0d"
url = "https://github.com/kubernetes-sigs/kind/releases/download/v0.33.0/kind-linux-amd64"
url_api = "https://api.github.com/repos/kubernetes-sigs/kind/releases/assets/531396433"

[tools.kind."platforms.linux-x64-baseline"]
checksum = "sha256:aee6151561422756b764a4ae28e7f44cda5af5a9eead3cc9985112b1de8d8e0d"
url = "https://github.com/kubernetes-sigs/kind/releases/download/v0.33.0/kind-linux-amd64"
url_api = "https://api.github.com/repos/kubernetes-sigs/kind/releases/assets/531396433"

[tools.kind."platforms.linux-x64-musl"]
checksum = "sha256:aee6151561422756b764a4ae28e7f44cda5af5a9eead3cc9985112b1de8d8e0d"
url = "https://github.com/kubernetes-sigs/kind/releases/download/v0.33.0/kind-linux-amd64"
url_api = "https://api.github.com/repos/kubernetes-sigs/kind/releases/assets/531396433"

[tools.kind."platforms.linux-x64-musl-baseline"]
checksum = "sha256:aee6151561422756b764a4ae28e7f44cda5af5a9eead3cc9985112b1de8d8e0d"
url = "https://github.com/kubernetes-sigs/kind/releases/download/v0.33.0/kind-linux-amd64"
url_api = "https://api.github.com/repos/kubernetes-sigs/kind/releases/assets/531396433"

[tools.kind."platforms.macos-arm64"]
checksum = "sha256:0c8c7dbe5e23594a198b786c4bc13dacc101fa6196b0cb0b23a1ca44e61f4b4f"
url = "https://github.com/kubernetes-sigs/kind/releases/download/v0.33.0/kind-darwin-arm64"
url_api = "https://api.github.com/repos/kubernetes-sigs/kind/releases/assets/531396417"

[tools.kind."platforms.macos-x64"]
checksum = "sha256:5a99f26f57246dc9319dd294803313197a0f34d33c525b3ea8b655db5916ece0"
url = "https://github.com/kubernetes-sigs/kind/releases/download/v0.33.0/kind-darwin-amd64"
url_api = "https://api.github.com/repos/kubernetes-sigs/kind/releases/assets/531396367"

[tools.kind."platforms.macos-x64-baseline"]
checksum = "sha256:5a99f26f57246dc9319dd294803313197a0f34d33c525b3ea8b655db5916ece0"
url = "https://github.com/kubernetes-sigs/kind/releases/download/v0.33.0/kind-darwin-amd64"
url_api = "https://api.github.com/repos/kubernetes-sigs/kind/releases/assets/531396367"

[tools.kind."platforms.windows-x64"]
checksum = "sha256:4b22adaa135368c5a465d56bbd8e520cbea87272a06ca00b6078e7b81515c9fc"
url = "https://github.com/kubernetes-sigs/kind/releases/download/v0.33.0/kind-windows-amd64"
url_api = "https://api.github.com/repos/kubernetes-sigs/kind/releases/assets/531396499"

[tools.kind."platforms.windows-x64-baseline"]
checksum = "sha256:4b22adaa135368c5a465d56bbd8e520cbea87272a06ca00b6078e7b81515c9fc"
url = "https://github.com/kubernetes-sigs/kind/releases/download/v0.33.0/kind-windows-amd64"
url_api = "https://api.github.com/repos/kubernetes-sigs/kind/releases/assets/531396499"
